
Microsoft Visual Studio Solution File, Format Version 12.00
# Visual Studio Version 17
VisualStudioVersion = 17.7.34221.43
MinimumVisualStudioVersion = 10.0.40219.1
Project("{8BC9CEB8-8B4A-11D0-8D11-00A0C91BC942}") = "ooplab1.3", "ooplab1.3.vcxproj", "{5B8FBE06-CA19-460E-9D41-3AE7A3C94952}"
EndProject
Project("{8BC9CEB8-8B4A-11D0-8D11-00A0C91BC942}") = "UnitTest2", "..\UnitTest2\UnitTest2.vcxproj", "{072F378E-D3A3-484B-BD27-53BF3C759C77}"
EndProject
Global
	GlobalSection(SolutionConfigurationPlatforms) = preSolution
		Debug|x64 = Debug|x64
		Debug|x86 = Debug|x86
		Release|x64 = Release|x64
		Release|x86 = Release|x86
	EndGlobalSection
	GlobalSection(ProjectConfigurationPlatforms) = postSolution
		{5B8FBE06-CA19-460E-9D41-3AE7A3C94952}.Debug|x64.ActiveCfg = Debug|x64
		{5B8FBE06-CA19-460E-9D41-3AE7A3C94952}.Debug|x64.Build.0 = Debug|x64
		{5B8FBE06-CA19-460E-9D41-3AE7A3C94952}.Debug|x86.ActiveCfg = Debug|Win32
		{5B8FBE06-CA19-460E-9D41-3AE7A3C94952}.Debug|x86.Build.0 = Debug|Win32
		{5B8FBE06-CA19-460E-9D41-3AE7A3C94952}.Release|x64.ActiveCfg = Release|x64
		{5B8FBE06-CA19-460E-9D41-3AE7A3C94952}.Release|x64.Build.0 = Release|x64
		{5B8FBE06-CA19-460E-9D41-3AE7A3C94952}.Release|x86.ActiveCfg = Release|Win32
		{5B8FBE06-CA19-460E-9D41-3AE7A3C94952}.Release|x86.Build.0 = Release|Win32
		{072F378E-D3A3-484B-BD27-53BF3C759C77}.Debug|x64.ActiveCfg = Debug|x64
		{072F378E-D3A3-484B-BD27-53BF3C759C77}.Debug|x64.Build.0 = Debug|x64
		{072F378E-D3A3-484B-BD27-53BF3C759C77}.Debug|x86.ActiveCfg = Debug|Win32
		{072F378E-D3A3-484B-BD27-53BF3C759C77}.Debug|x86.Build.0 = Debug|Win32
		{072F378E-D3A3-484B-BD27-53BF3C759C77}.Release|x64.ActiveCfg = Release|x64
		{072F378E-D3A3-484B-BD27-53BF3C759C77}.Release|x64.Build.0 = Release|x64
		{072F378E-D3A3-484B-BD27-53BF3C759C77}.Release|x86.ActiveCfg = Release|Win32
		{072F378E-D3A3-484B-BD27-53BF3C759C77}.Release|x86.Build.0 = Release|Win32
	EndGlobalSection
	GlobalSection(SolutionProperties) = preSolution
		HideSolutionNode = FALSE
	EndGlobalSection
	GlobalSection(ExtensibilityGlobals) = postSolution
		SolutionGuid = {1F860D66-1036-4851-AA0F-135FD5522DFE}
	EndGlobalSection
EndGlobal
